[[package]]
name = "pyenchant"
version = "3.2.2"
description = "Python bindings for the Enchant spellchecking system"
category = "main"
optional = false
python-versions = ">=3.5"

[metadata]
lock-version = "1.1"
python-versions = "^3.8"
content-hash = "e726dea2fce7e345781c223c97ee9388b75adb217e035c9651d495c2e53f803a"

[metadata.files]
pyenchant = [
    {file = "pyenchant-3.2.2-py3-none-any.whl", hash = "sha256:5facc821ece957208a81423af7d6ec7810dad29697cb0d77aae81e4e11c8e5a6"},
    {file = "pyenchant-3.2.2-py3-none-win32.whl", hash = "sha256:5a636832987eaf26efe971968f4d1b78e81f62bca2bde0a9da210c7de43c3bce"},
    {file = "pyenchant-3.2.2-py3-none-win_amd64.whl", hash = "sha256:6153f521852e23a5add923dbacfbf4bebbb8d70c4e4bad609a8e0f9faeb915d1"},
    {file = "pyenchant-3.2.2.tar.gz", hash = "sha256:1cf830c6614362a78aab78d50eaf7c6c93831369c52e1bb64ffae1df0341e637"},
]
